
Microsoft Visual Studio Solution File, Format Version 11.00
# Visual Studio 2010
Project("{FAE04EC0-301F-11D3-BF4B-00C04F79EFBC}") = "CSharpDate", "CSharpDate\CSharpDate.csproj", "{F83D91AF-E8B8-4440-850F-0EC6964978B5}"
EndProject
Project("{FAE04EC0-301F-11D3-BF4B-00C04F79EFBC}") = "CSharpDate.Test", "CSharpDate.Test\CSharpDate.Test.csproj", "{58B56DDF-86FA-4028-A71C-EA63E391AC94}"
EndProject
Global
	GlobalSection(SolutionConfigurationPlatforms) = preSolution
		Debug|Any CPU = Debug|Any CPU
		Release|Any CPU = Release|Any CPU
	EndGlobalSection
	GlobalSection(ProjectConfigurationPlatforms) = postSolution
		{F83D91AF-E8B8-4440-850F-0EC6964978B5}.Debug|Any CPU.ActiveCfg = Debug|Any CPU
		{F83D91AF-E8B8-4440-850F-0EC6964978B5}.Debug|Any CPU.Build.0 = Debug|Any CPU
		{F83D91AF-E8B8-4440-850F-0EC6964978B5}.Release|Any CPU.ActiveCfg = Release|Any CPU
		{F83D91AF-E8B8-4440-850F-0EC6964978B5}.Release|Any CPU.Build.0 = Release|Any CPU
		{58B56DDF-86FA-4028-A71C-EA63E391AC94}.Debug|Any CPU.ActiveCfg = Debug|Any CPU
		{58B56DDF-86FA-4028-A71C-EA63E391AC94}.Debug|Any CPU.Build.0 = Debug|Any CPU
		{58B56DDF-86FA-4028-A71C-EA63E391AC94}.Release|Any CPU.ActiveCfg = Release|Any CPU
		{58B56DDF-86FA-4028-A71C-EA63E391AC94}.Release|Any CPU.Build.0 = Release|Any CPU
	EndGlobalSection
	GlobalSection(SolutionProperties) = preSolution
		HideSolutionNode = FALSE
	EndGlobalSection
EndGlobal
